
Microsoft Visual Studio Solution File, Format Version 12.00
# Visual Studio Version 17
VisualStudioVersion = 17.4.33403.182
MinimumVisualStudioVersion = 10.0.40219.1
Project("{2150E333-8FDC-42A3-9474-1A3956D46DE8}") = "Solution Items", "Solution Items", "{16F8939D-405D-4DA0-B624-07DEEC4939EB}"
	ProjectSection(SolutionItems) = preProject
		.dockerignore = .dockerignore
		.editorconfig = .editorconfig
	EndProjectSection
EndProject
Project("{E53339B2-1760-4266-BCC7-CA923CBCF16C}") = "docker-compose", "docker-compose\docker-compose.dcproj", "{57C6F880-17AC-465A-AEB7-5C7A79BB301A}"
EndProject
Project("{2150E333-8FDC-42A3-9474-1A3956D46DE8}") = "src", "src", "{4E708DFC-3F27-4FB9-8EBF-0DB3669BFAAD}"
EndProject
Project("{2150E333-8FDC-42A3-9474-1A3956D46DE8}") = "test", "test", "{4217957D-1AF7-42EB-A30A-0673321B2506}"
EndProject
Project("{9A19103F-16F7-4668-BE54-9A1E7A4F7556}") = "Football.API", "src\Football.API\Football.API.csproj", "{B808EDE7-E034-4344-B86D-F67DAAAFD132}"
EndProject
Project("{9A19103F-16F7-4668-BE54-9A1E7A4F7556}") = "Football.Application", "src\Football.Application\Football.Application.csproj", "{DBF62733-B01B-423E-86D2-7ACFC58EEEFA}"
EndProject
Project("{9A19103F-16F7-4668-BE54-9A1E7A4F7556}") = "Football.Domain", "src\Football.Domain\Football.Domain.csproj", "{8F340C49-69FB-49CC-B722-145F65C581CA}"
EndProject
Project("{9A19103F-16F7-4668-BE54-9A1E7A4F7556}") = "Football.Infrastructure", "src\Football.Infrastructure\Football.Infrastructure.csproj", "{275C7DD6-BCBC-4EDA-A095-4A98C39D4378}"
EndProject
Project("{FAE04EC0-301F-11D3-BF4B-00C04F79EFBC}") = "Football.UnitTests", "test\Football.UnitTests\Football.UnitTests.csproj", "{8E2AE27B-46BF-42EB-A63B-3AA6922D5A89}"
EndProject
Project("{FAE04EC0-301F-11D3-BF4B-00C04F79EFBC}") = "Football.IntegrationTests", "test\Football.IntegrationTests\Football.IntegrationTests.csproj", "{57760AE9-5D1B-44C7-AA34-B9468C89E98E}"
EndProject
Global
	GlobalSection(SolutionConfigurationPlatforms) = preSolution
		Debug|Any CPU = Debug|Any CPU
		Release|Any CPU = Release|Any CPU
	EndGlobalSection
	GlobalSection(ProjectConfigurationPlatforms) = postSolution
		{57C6F880-17AC-465A-AEB7-5C7A79BB301A}.Debug|Any CPU.ActiveCfg = Debug|Any CPU
		{57C6F880-17AC-465A-AEB7-5C7A79BB301A}.Debug|Any CPU.Build.0 = Debug|Any CPU
		{57C6F880-17AC-465A-AEB7-5C7A79BB301A}.Release|Any CPU.ActiveCfg = Release|Any CPU
		{57C6F880-17AC-465A-AEB7-5C7A79BB301A}.Release|Any CPU.Build.0 = Release|Any CPU
		{B808EDE7-E034-4344-B86D-F67DAAAFD132}.Debug|Any CPU.ActiveCfg = Debug|Any CPU
		{B808EDE7-E034-4344-B86D-F67DAAAFD132}.Debug|Any CPU.Build.0 = Debug|Any CPU
		{B808EDE7-E034-4344-B86D-F67DAAAFD132}.Release|Any CPU.ActiveCfg = Release|Any CPU
		{B808EDE7-E034-4344-B86D-F67DAAAFD132}.Release|Any CPU.Build.0 = Release|Any CPU
		{DBF62733-B01B-423E-86D2-7ACFC58EEEFA}.Debug|Any CPU.ActiveCfg = Debug|Any CPU
		{DBF62733-B01B-423E-86D2-7ACFC58EEEFA}.Debug|Any CPU.Build.0 = Debug|Any CPU
		{DBF62733-B01B-423E-86D2-7ACFC58EEEFA}.Release|Any CPU.ActiveCfg = Release|Any CPU
		{DBF62733-B01B-423E-86D2-7ACFC58EEEFA}.Release|Any CPU.Build.0 = Release|Any CPU
		{8F340C49-69FB-49CC-B722-145F65C581CA}.Debug|Any CPU.ActiveCfg = Debug|Any CPU
		{8F340C49-69FB-49CC-B722-145F65C581CA}.Debug|Any CPU.Build.0 = Debug|Any CPU
		{8F340C49-69FB-49CC-B722-145F65C581CA}.Release|Any CPU.ActiveCfg = Release|Any CPU
		{8F340C49-69FB-49CC-B722-145F65C581CA}.Release|Any CPU.Build.0 = Release|Any CPU
		{275C7DD6-BCBC-4EDA-A095-4A98C39D4378}.Debug|Any CPU.ActiveCfg = Debug|Any CPU
		{275C7DD6-BCBC-4EDA-A095-4A98C39D4378}.Debug|Any CPU.Build.0 = Debug|Any CPU
		{275C7DD6-BCBC-4EDA-A095-4A98C39D4378}.Release|Any CPU.ActiveCfg = Release|Any CPU
		{275C7DD6-BCBC-4EDA-A095-4A98C39D4378}.Release|Any CPU.Build.0 = Release|Any CPU
		{8E2AE27B-46BF-42EB-A63B-3AA6922D5A89}.Debug|Any CPU.ActiveCfg = Debug|Any CPU
		{8E2AE27B-46BF-42EB-A63B-3AA6922D5A89}.Debug|Any CPU.Build.0 = Debug|Any CPU
		{8E2AE27B-46BF-42EB-A63B-3AA6922D5A89}.Release|Any CPU.ActiveCfg = Release|Any CPU
		{8E2AE27B-46BF-42EB-A63B-3AA6922D5A89}.Release|Any CPU.Build.0 = Release|Any CPU
		{57760AE9-5D1B-44C7-AA34-B9468C89E98E}.Debug|Any CPU.ActiveCfg = Debug|Any CPU
		{57760AE9-5D1B-44C7-AA34-B9468C89E98E}.Debug|Any CPU.Build.0 = Debug|Any CPU
		{57760AE9-5D1B-44C7-AA34-B9468C89E98E}.Release|Any CPU.ActiveCfg = Release|Any CPU
		{57760AE9-5D1B-44C7-AA34-B9468C89E98E}.Release|Any CPU.Build.0 = Release|Any CPU
	EndGlobalSection
	GlobalSection(SolutionProperties) = preSolution
		HideSolutionNode = FALSE
	EndGlobalSection
	GlobalSection(NestedProjects) = preSolution
		{B808EDE7-E034-4344-B86D-F67DAAAFD132} = {4E708DFC-3F27-4FB9-8EBF-0DB3669BFAAD}
		{DBF62733-B01B-423E-86D2-7ACFC58EEEFA} = {4E708DFC-3F27-4FB9-8EBF-0DB3669BFAAD}
		{8F340C49-69FB-49CC-B722-145F65C581CA} = {4E708DFC-3F27-4FB9-8EBF-0DB3669BFAAD}
		{275C7DD6-BCBC-4EDA-A095-4A98C39D4378} = {4E708DFC-3F27-4FB9-8EBF-0DB3669BFAAD}
		{8E2AE27B-46BF-42EB-A63B-3AA6922D5A89} = {4217957D-1AF7-42EB-A30A-0673321B2506}
		{57760AE9-5D1B-44C7-AA34-B9468C89E98E} = {4217957D-1AF7-42EB-A30A-0673321B2506}
	EndGlobalSection
	GlobalSection(ExtensibilityGlobals) = postSolution
		SolutionGuid = {5FFDAD86-091F-4B5B-8EF7-379D153CDBBA}
	EndGlobalSection
EndGlobal
